
Microsoft Visual Studio Solution File, Format Version 12.00
# Visual Studio Version 17
VisualStudioVersion = 17.8.34525.116
MinimumVisualStudioVersion = 10.0.40219.1
Project("{FAE04EC0-301F-11D3-BF4B-00C04F79EFBC}") = "GameZone", "GameZone\GameZone.csproj", "{6FA559E0-C49D-4EEF-83F4-59C2129BCB40}"
EndProject
Global
	GlobalSection(SolutionConfigurationPlatforms) = preSolution
		Debug|Any CPU = Debug|Any CPU
		Release|Any CPU = Release|Any CPU
	EndGlobalSection
	GlobalSection(ProjectConfigurationPlatforms) = postSolution
		{6FA559E0-C49D-4EEF-83F4-59C2129BCB40}.Debug|Any CPU.ActiveCfg = Debug|Any CPU
		{6FA559E0-C49D-4EEF-83F4-59C2129BCB40}.Debug|Any CPU.Build.0 = Debug|Any CPU
		{6FA559E0-C49D-4EEF-83F4-59C2129BCB40}.Release|Any CPU.ActiveCfg = Release|Any CPU
		{6FA559E0-C49D-4EEF-83F4-59C2129BCB40}.Release|Any CPU.Build.0 = Release|Any CPU
	EndGlobalSection
	GlobalSection(SolutionProperties) = preSolution
		HideSolutionNode = FALSE
	EndGlobalSection
	GlobalSection(ExtensibilityGlobals) = postSolution
		SolutionGuid = {94C5E6F1-439D-409E-B50B-252998D00682}
	EndGlobalSection
EndGlobal
